
Microsoft Visual Studio Solution File, Format Version 12.00
# Visual Studio Version 17
VisualStudioVersion = 17.10.35013.160
MinimumVisualStudioVersion = 10.0.40219.1
Project("{FAE04EC0-301F-11D3-BF4B-00C04F79EFBC}") = "MajorProject", "MajorProject\MajorProject.csproj", "{D05D5F23-5E24-4CFE-90A0-ACCB2B1807FF}"
EndProject
Global
	GlobalSection(SolutionConfigurationPlatforms) = preSolution
		Debug|Any CPU = Debug|Any CPU
		Release|Any CPU = Release|Any CPU
	EndGlobalSection
	GlobalSection(ProjectConfigurationPlatforms) = postSolution
		{D05D5F23-5E24-4CFE-90A0-ACCB2B1807FF}.Debug|Any CPU.ActiveCfg = Debug|Any CPU
		{D05D5F23-5E24-4CFE-90A0-ACCB2B1807FF}.Debug|Any CPU.Build.0 = Debug|Any CPU
		{D05D5F23-5E24-4CFE-90A0-ACCB2B1807FF}.Release|Any CPU.ActiveCfg = Release|Any CPU
		{D05D5F23-5E24-4CFE-90A0-ACCB2B1807FF}.Release|Any CPU.Build.0 = Release|Any CPU
	EndGlobalSection
	GlobalSection(SolutionProperties) = preSolution
		HideSolutionNode = FALSE
	EndGlobalSection
	GlobalSection(ExtensibilityGlobals) = postSolution
		SolutionGuid = {0668D2BB-D78F-4DF3-9620-6141E2309856}
	EndGlobalSection
EndGlobal
